<?xml version="1.0" encoding="utf-8"?>
<Project ToolsVersion="4.0" xmlns="http://schemas.microsoft.com/developer/msbuild/2003">
  <ItemGroup>
    <ClCompile Include="HyperV\HyperV.cpp">
      <Filter>External\HyperV</Filter>
    </ClCompile>
    <ClCompile Include="HyperV\Utils.cpp">
      <Filter>External\HyperV</Filter>
    </ClCompile>
    <ClCompile Include="Memory\memory1.cpp">
      <Filter>External\Memory</Filter>
    </ClCompile>
    <ClCompile Include="External.cpp">
      <Filter>External</Filter>
    </ClCompile>
  </ItemGroup>
  <ItemGroup>
    <ClInclude Include="Skicript.hpp">
      <Filter>External\Other Includes</Filter>
    </ClInclude>
    <ClInclude Include="Print.hpp">
      <Filter>External\Other Includes</Filter>
    </ClInclude>
    <ClInclude Include="lazyimp.hpp">
      <Filter>External\Other Includes</Filter>
    </ClInclude>
    <ClInclude Include="HyperV\HyperV.h">
      <Filter>External\HyperV</Filter>
    </ClInclude>
    <ClInclude Include="HyperV\Utils.h">
      <Filter>External\HyperV</Filter>
    </ClInclude>
    <ClInclude Include="Memory\memory1.h">
      <Filter>External\Memory</Filter>
    </ClInclude>
    <ClInclude Include="vector.h" />
    <ClInclude Include="safe_function\safecallez.h">
      <Filter>safe_function</Filter>
    </ClInclude>
    <ClInclude Include="esp.hpp" />
    <ClInclude Include="Vars.hpp" />
    <ClInclude Include="sdk.hpp" />
    <ClInclude Include="Byte.h" />
  </ItemGroup>
  <ItemGroup>
    <Filter Include="External">
      <UniqueIdentifier>{4020f901-eb74-40cb-9486-fb4f4f469415}</UniqueIdentifier>
    </Filter>
    <Filter Include="External\Other Includes">
      <UniqueIdentifier>{e9cde4ec-bec8-4273-a71d-21cd452940da}</UniqueIdentifier>
    </Filter>
    <Filter Include="External\HyperV">
      <UniqueIdentifier>{2d002752-c021-4450-8540-8aae8a45471b}</UniqueIdentifier>
    </Filter>
    <Filter Include="External\Memory">
      <UniqueIdentifier>{28b28e26-d404-43f3-93ea-0e97e9532803}</UniqueIdentifier>
    </Filter>
    <Filter Include="safe_function">
      <UniqueIdentifier>{4af1ce1a-2fb5-4a90-bf24-76e33a4ddfb6}</UniqueIdentifier>
    </Filter>
  </ItemGroup>
  <ItemGroup>
    <None Include="HyperV\Asm.asm">
      <Filter>External\HyperV</Filter>
    </None>
  </ItemGroup>
  <ItemGroup>
    <Object Include="Asm.obj">
      <Filter>External\HyperV</Filter>
    </Object>
  </ItemGroup>
</Project>